
Microsoft Visual Studio Solution File, Format Version 12.00
# Visual Studio Version 17
VisualStudioVersion = 17.6.33815.320
MinimumVisualStudioVersion = 10.0.40219.1
Project("{FAE04EC0-301F-11D3-BF4B-00C04F79EFBC}") = "ConsoleApp24", "ConsoleApp24\ConsoleApp24.csproj", "{0598C0E6-34ED-4E73-8324-35EE175A3E6A}"
EndProject
Global
	GlobalSection(SolutionConfigurationPlatforms) = preSolution
		Debug|Any CPU = Debug|Any CPU
		Release|Any CPU = Release|Any CPU
	EndGlobalSection
	GlobalSection(ProjectConfigurationPlatforms) = postSolution
		{0598C0E6-34ED-4E73-8324-35EE175A3E6A}.Debug|Any CPU.ActiveCfg = Debug|Any CPU
		{0598C0E6-34ED-4E73-8324-35EE175A3E6A}.Debug|Any CPU.Build.0 = Debug|Any CPU
		{0598C0E6-34ED-4E73-8324-35EE175A3E6A}.Release|Any CPU.ActiveCfg = Release|Any CPU
		{0598C0E6-34ED-4E73-8324-35EE175A3E6A}.Release|Any CPU.Build.0 = Release|Any CPU
	EndGlobalSection
	GlobalSection(SolutionProperties) = preSolution
		HideSolutionNode = FALSE
	EndGlobalSection
	GlobalSection(ExtensibilityGlobals) = postSolution
		SolutionGuid = {2C326DB1-D65D-4561-9E58-DD497268EB8F}
	EndGlobalSection
EndGlobal
